
Microsoft Visual Studio Solution File, Format Version 12.00
# Visual Studio Version 17
VisualStudioVersion = 17.14.35821.62
MinimumVisualStudioVersion = 10.0.40219.1
Project("{FAE04EC0-301F-11D3-BF4B-00C04F79EFBC}") = "CaseStudyApi.DataAccess", "CaseStudyApi.DataAccess\CaseStudyApi.DataAccess.csproj", "{EF96C00C-118B-479E-A808-A2A5C2A2E14C}"
EndProject
Project("{FAE04EC0-301F-11D3-BF4B-00C04F79EFBC}") = "CaseStudyApi.Domain", "CaseStudyApi.Domain\CaseStudyApi.Domain.csproj", "{4F89CA57-E972-40C2-A67A-1ED0FCD5FAE6}"
EndProject
Project("{FAE04EC0-301F-11D3-BF4B-00C04F79EFBC}") = "CaseStudyApi.BusinessLogic", "CaseStudyApi.BusinessLogic\CaseStudyApi.BusinessLogic.csproj", "{A0FECEF4-46E3-47D3-81C0-1FD125E29C91}"
EndProject
Project("{FAE04EC0-301F-11D3-BF4B-00C04F79EFBC}") = "CaseStudyApi.Presentation", "CaseStudyApi.Presentation\CaseStudyApi.Presentation.csproj", "{D9F77018-5010-472C-AB06-482AD343A61A}"
EndProject
Global
	GlobalSection(SolutionConfigurationPlatforms) = preSolution
		Debug|Any CPU = Debug|Any CPU
		Release|Any CPU = Release|Any CPU
	EndGlobalSection
	GlobalSection(ProjectConfigurationPlatforms) = postSolution
		{EF96C00C-118B-479E-A808-A2A5C2A2E14C}.Debug|Any CPU.ActiveCfg = Debug|Any CPU
		{EF96C00C-118B-479E-A808-A2A5C2A2E14C}.Debug|Any CPU.Build.0 = Debug|Any CPU
		{EF96C00C-118B-479E-A808-A2A5C2A2E14C}.Release|Any CPU.ActiveCfg = Release|Any CPU
		{EF96C00C-118B-479E-A808-A2A5C2A2E14C}.Release|Any CPU.Build.0 = Release|Any CPU
		{4F89CA57-E972-40C2-A67A-1ED0FCD5FAE6}.Debug|Any CPU.ActiveCfg = Debug|Any CPU
		{4F89CA57-E972-40C2-A67A-1ED0FCD5FAE6}.Debug|Any CPU.Build.0 = Debug|Any CPU
		{4F89CA57-E972-40C2-A67A-1ED0FCD5FAE6}.Release|Any CPU.ActiveCfg = Release|Any CPU
		{4F89CA57-E972-40C2-A67A-1ED0FCD5FAE6}.Release|Any CPU.Build.0 = Release|Any CPU
		{A0FECEF4-46E3-47D3-81C0-1FD125E29C91}.Debug|Any CPU.ActiveCfg = Debug|Any CPU
		{A0FECEF4-46E3-47D3-81C0-1FD125E29C91}.Debug|Any CPU.Build.0 = Debug|Any CPU
		{A0FECEF4-46E3-47D3-81C0-1FD125E29C91}.Release|Any CPU.ActiveCfg = Release|Any CPU
		{A0FECEF4-46E3-47D3-81C0-1FD125E29C91}.Release|Any CPU.Build.0 = Release|Any CPU
		{D9F77018-5010-472C-AB06-482AD343A61A}.Debug|Any CPU.ActiveCfg = Debug|Any CPU
		{D9F77018-5010-472C-AB06-482AD343A61A}.Debug|Any CPU.Build.0 = Debug|Any CPU
		{D9F77018-5010-472C-AB06-482AD343A61A}.Release|Any CPU.ActiveCfg = Release|Any CPU
		{D9F77018-5010-472C-AB06-482AD343A61A}.Release|Any CPU.Build.0 = Release|Any CPU
	EndGlobalSection
	GlobalSection(SolutionProperties) = preSolution
		HideSolutionNode = FALSE
	EndGlobalSection
	GlobalSection(ExtensibilityGlobals) = postSolution
		SolutionGuid = {A06A6C55-BF54-437A-867D-7FF8E72511B4}
	EndGlobalSection
EndGlobal
